{
  "version": 4,
  "terraform_version": "1.8.2",
  "serial": 1,
  "lineage": "48680941-71d4-dae0-669c-072e1df994b5",
  "outputs": {
    "script_path": {
      "value": "hello.py",
      "type": "string"
    }
  },
  "resources": [
    {
      "mode": "managed",
      "type": "local_file",
      "name": "hello_script",
      "provider": "provider[\"registry.terraform.io/hashicorp/local\"]",
      "instances": [
        {
          "schema_version": 0,
          "attributes": {
            "content": "print('Hello world')",
            "content_base64": null,
            "content_base64sha256": "Akr726RpsGLJNd7f7n8s+ODQW53PHqHpvQctLpP4oDQ=",
            "content_base64sha512": "sso/hGTGS9TVy73AQbQP+geVNIPW6rQwaO9jayad9ROlZM9SkKZg7Tl/35KwMOm/wAN2yKThO4ivEzHfi02E9w==",
            "content_md5": "2fcad6a3fc8e1426746e9cc5c0c1985e",
            "content_sha1": "35e605e1aebba2c047539e1d5a9c94dadd264a5e",
            "content_sha256": "024afbdba469b062c935dedfee7f2cf8e0d05b9dcf1ea1e9bd072d2e93f8a034",
            "content_sha512": "b2ca3f8464c64bd4d5cbbdc041b40ffa07953483d6eab43068ef636b269df513a564cf5290a660ed397fdf92b030e9bfc00376c8a4e13b88af1331df8b4d84f7",
            "directory_permission": "0777",
            "file_permission": "0777",
            "filename": "hello.py",
            "id": "35e605e1aebba2c047539e1d5a9c94dadd264a5e",
            "sensitive_content": null,
            "source": null
          },
          "sensitive_attributes": [
            [
              {
                "type": "get_attr",
                "value": "sensitive_content"
              }
            ]
          ]
        }
      ]
    }
  ],
  "check_results": null
}
